
Microsoft Visual Studio Solution File, Format Version 12.00
# Visual Studio 15
VisualStudioVersion = 15.0.28010.2048
MinimumVisualStudioVersion = 10.0.40219.1
Project("{FAE04EC0-301F-11D3-BF4B-00C04F79EFBC}") = "Dwarfs", "Dwarfs\Dwarfs.csproj", "{B0D84B39-3DF4-4772-B8D1-CE6DF6472C8B}"
EndProject
Global
	GlobalSection(SolutionConfigurationPlatforms) = preSolution
		Debug|Any CPU = Debug|Any CPU
		Release|Any CPU = Release|Any CPU
	EndGlobalSection
	GlobalSection(ProjectConfigurationPlatforms) = postSolution
		{B0D84B39-3DF4-4772-B8D1-CE6DF6472C8B}.Debug|Any CPU.ActiveCfg = Debug|Any CPU
		{B0D84B39-3DF4-4772-B8D1-CE6DF6472C8B}.Debug|Any CPU.Build.0 = Debug|Any CPU
		{B0D84B39-3DF4-4772-B8D1-CE6DF6472C8B}.Release|Any CPU.ActiveCfg = Release|Any CPU
		{B0D84B39-3DF4-4772-B8D1-CE6DF6472C8B}.Release|Any CPU.Build.0 = Release|Any CPU
	EndGlobalSection
	GlobalSection(SolutionProperties) = preSolution
		HideSolutionNode = FALSE
	EndGlobalSection
	GlobalSection(ExtensibilityGlobals) = postSolution
		SolutionGuid = {58958E85-939A-43D0-80D6-744AED7C462B}
	EndGlobalSection
EndGlobal
