
Microsoft Visual Studio Solution File, Format Version 12.00
# Visual Studio 15
VisualStudioVersion = 15.0.28010.2048
MinimumVisualStudioVersion = 10.0.40219.1
Project("{FAE04EC0-301F-11D3-BF4B-00C04F79EFBC}") = "Dwarf_Code_Gen", "Dwarf_Code_Gen\Dwarf_Code_Gen.csproj", "{47340860-2693-481A-9589-B30B77186DA6}"
EndProject
Global
	GlobalSection(SolutionConfigurationPlatforms) = preSolution
		Debug|Any CPU = Debug|Any CPU
		Release|Any CPU = Release|Any CPU
	EndGlobalSection
	GlobalSection(ProjectConfigurationPlatforms) = postSolution
		{47340860-2693-481A-9589-B30B77186DA6}.Debug|Any CPU.ActiveCfg = Debug|Any CPU
		{47340860-2693-481A-9589-B30B77186DA6}.Debug|Any CPU.Build.0 = Debug|Any CPU
		{47340860-2693-481A-9589-B30B77186DA6}.Release|Any CPU.ActiveCfg = Release|Any CPU
		{47340860-2693-481A-9589-B30B77186DA6}.Release|Any CPU.Build.0 = Release|Any CPU
	EndGlobalSection
	GlobalSection(SolutionProperties) = preSolution
		HideSolutionNode = FALSE
	EndGlobalSection
	GlobalSection(ExtensibilityGlobals) = postSolution
		SolutionGuid = {2CA6F3DC-D339-44FA-9665-CCF47C57C400}
	EndGlobalSection
EndGlobal
